
Microsoft Visual Studio Solution File, Format Version 12.00
# Visual Studio 15
VisualStudioVersion = 15.0.28307.645
MinimumVisualStudioVersion = 10.0.40219.1
Project("{FAE04EC0-301F-11D3-BF4B-00C04F79EFBC}") = "Client", "Client\Client.csproj", "{9EEACAEE-C001-4281-AED4-38B465F6080F}"
EndProject
Project("{FAE04EC0-301F-11D3-BF4B-00C04F79EFBC}") = "UnitTest", "UnitTest\UnitTest.csproj", "{3F4D12FC-F6AD-4755-9B86-66FD6879BC25}"
EndProject
Project("{FAE04EC0-301F-11D3-BF4B-00C04F79EFBC}") = "AngularUI", "AngularUI\AngularUI.csproj", "{FF276C3B-517F-4AC8-BD89-99581BC9EBC3}"
EndProject
Global
	GlobalSection(SolutionConfigurationPlatforms) = preSolution
		Debug|Any CPU = Debug|Any CPU
		Release|Any CPU = Release|Any CPU
	EndGlobalSection
	GlobalSection(ProjectConfigurationPlatforms) = postSolution
		{9EEACAEE-C001-4281-AED4-38B465F6080F}.Debug|Any CPU.ActiveCfg = Debug|Any CPU
		{9EEACAEE-C001-4281-AED4-38B465F6080F}.Debug|Any CPU.Build.0 = Debug|Any CPU
		{9EEACAEE-C001-4281-AED4-38B465F6080F}.Release|Any CPU.ActiveCfg = Release|Any CPU
		{9EEACAEE-C001-4281-AED4-38B465F6080F}.Release|Any CPU.Build.0 = Release|Any CPU
		{3F4D12FC-F6AD-4755-9B86-66FD6879BC25}.Debug|Any CPU.ActiveCfg = Debug|Any CPU
		{3F4D12FC-F6AD-4755-9B86-66FD6879BC25}.Debug|Any CPU.Build.0 = Debug|Any CPU
		{3F4D12FC-F6AD-4755-9B86-66FD6879BC25}.Release|Any CPU.ActiveCfg = Release|Any CPU
		{3F4D12FC-F6AD-4755-9B86-66FD6879BC25}.Release|Any CPU.Build.0 = Release|Any CPU
		{FF276C3B-517F-4AC8-BD89-99581BC9EBC3}.Debug|Any CPU.ActiveCfg = Debug|Any CPU
		{FF276C3B-517F-4AC8-BD89-99581BC9EBC3}.Debug|Any CPU.Build.0 = Debug|Any CPU
		{FF276C3B-517F-4AC8-BD89-99581BC9EBC3}.Release|Any CPU.ActiveCfg = Release|Any CPU
		{FF276C3B-517F-4AC8-BD89-99581BC9EBC3}.Release|Any CPU.Build.0 = Release|Any CPU
	EndGlobalSection
	GlobalSection(SolutionProperties) = preSolution
		HideSolutionNode = FALSE
	EndGlobalSection
	GlobalSection(ExtensibilityGlobals) = postSolution
		SolutionGuid = {3507E580-EE60-4A94-96F8-E9E308B2334D}
	EndGlobalSection
EndGlobal
